
Microsoft Visual Studio Solution File, Format Version 12.00
# Visual Studio 15
VisualStudioVersion = 15.0.27703.1
MinimumVisualStudioVersion = 10.0.40219.1
Project("{9A19103F-16F7-4668-BE54-9A1E7A4F7556}") = "Demo.AspNetCore.Changefeed", "Demo.AspNetCore.Changefeed\Demo.AspNetCore.Changefeed.csproj", "{B22712D4-FB76-4E7A-AE92-B4AE4B4BD886}"
EndProject
Project("{9A19103F-16F7-4668-BE54-9A1E7A4F7556}") = "Demo.AspNetCore.Changefeed.Services.Abstractions", "Demo.AspNetCore.Changefeed.Services.Abstractions\Demo.AspNetCore.Changefeed.Services.Abstractions.csproj", "{30DD0C6A-0D68-4C7E-A6B5-7909E308D233}"
EndProject
Project("{9A19103F-16F7-4668-BE54-9A1E7A4F7556}") = "Demo.AspNetCore.Changefeed.Services.RethinkDB", "Demo.AspNetCore.Changefeed.Services.RethinkDB\Demo.AspNetCore.Changefeed.Services.RethinkDB.csproj", "{270A778D-A060-4853-88FF-8DBD03C1B94C}"
EndProject
Project("{9A19103F-16F7-4668-BE54-9A1E7A4F7556}") = "Demo.AspNetCore.Changefeed.Services.CosmosDB", "Demo.AspNetCore.Changefeed.Services.CosmosDB\Demo.AspNetCore.Changefeed.Services.CosmosDB.csproj", "{6D514F12-FBF5-4375-B979-8E1F3B81ADDE}"
EndProject
Project("{FAE04EC0-301F-11D3-BF4B-00C04F79EFBC}") = "Demo.AspNetCore.Changefeed.Services.MongoDB", "Demo.AspNetCore.Changefeed.Services.MongoDB\Demo.AspNetCore.Changefeed.Services.MongoDB.csproj", "{553DE0BE-E33D-40B4-B5C9-AA2409F80F86}"
EndProject
Global
	GlobalSection(SolutionConfigurationPlatforms) = preSolution
		Debug|Any CPU = Debug|Any CPU
		Release|Any CPU = Release|Any CPU
	EndGlobalSection
	GlobalSection(ProjectConfigurationPlatforms) = postSolution
		{B22712D4-FB76-4E7A-AE92-B4AE4B4BD886}.Debug|Any CPU.ActiveCfg = Debug|Any CPU
		{B22712D4-FB76-4E7A-AE92-B4AE4B4BD886}.Debug|Any CPU.Build.0 = Debug|Any CPU
		{B22712D4-FB76-4E7A-AE92-B4AE4B4BD886}.Release|Any CPU.ActiveCfg = Release|Any CPU
		{B22712D4-FB76-4E7A-AE92-B4AE4B4BD886}.Release|Any CPU.Build.0 = Release|Any CPU
		{30DD0C6A-0D68-4C7E-A6B5-7909E308D233}.Debug|Any CPU.ActiveCfg = Debug|Any CPU
		{30DD0C6A-0D68-4C7E-A6B5-7909E308D233}.Debug|Any CPU.Build.0 = Debug|Any CPU
		{30DD0C6A-0D68-4C7E-A6B5-7909E308D233}.Release|Any CPU.ActiveCfg = Release|Any CPU
		{30DD0C6A-0D68-4C7E-A6B5-7909E308D233}.Release|Any CPU.Build.0 = Release|Any CPU
		{270A778D-A060-4853-88FF-8DBD03C1B94C}.Debug|Any CPU.ActiveCfg = Debug|Any CPU
		{270A778D-A060-4853-88FF-8DBD03C1B94C}.Debug|Any CPU.Build.0 = Debug|Any CPU
		{270A778D-A060-4853-88FF-8DBD03C1B94C}.Release|Any CPU.ActiveCfg = Release|Any CPU
		{270A778D-A060-4853-88FF-8DBD03C1B94C}.Release|Any CPU.Build.0 = Release|Any CPU
		{6D514F12-FBF5-4375-B979-8E1F3B81ADDE}.Debug|Any CPU.ActiveCfg = Debug|Any CPU
		{6D514F12-FBF5-4375-B979-8E1F3B81ADDE}.Debug|Any CPU.Build.0 = Debug|Any CPU
		{6D514F12-FBF5-4375-B979-8E1F3B81ADDE}.Release|Any CPU.ActiveCfg = Release|Any CPU
		{6D514F12-FBF5-4375-B979-8E1F3B81ADDE}.Release|Any CPU.Build.0 = Release|Any CPU
		{553DE0BE-E33D-40B4-B5C9-AA2409F80F86}.Debug|Any CPU.ActiveCfg = Debug|Any CPU
		{553DE0BE-E33D-40B4-B5C9-AA2409F80F86}.Debug|Any CPU.Build.0 = Debug|Any CPU
		{553DE0BE-E33D-40B4-B5C9-AA2409F80F86}.Release|Any CPU.ActiveCfg = Release|Any CPU
		{553DE0BE-E33D-40B4-B5C9-AA2409F80F86}.Release|Any CPU.Build.0 = Release|Any CPU
	EndGlobalSection
	GlobalSection(SolutionProperties) = preSolution
		HideSolutionNode = FALSE
	EndGlobalSection
	GlobalSection(ExtensibilityGlobals) = postSolution
		SolutionGuid = {99B406E5-5CB9-4306-808C-311EFD2079A6}
	EndGlobalSection
EndGlobal
